// !$*UTF8*$!
{
	archiveVersion = 1;
	classes = {
	};
	objectVersion = 46;
	objects = {

/* Begin PBXBuildFile section */
		BC5E9C011D194F44006FD494 /* main.m in Sources */ = {isa = PBXBuildFile; fileRef = BC5E9C001D194F44006FD494 /* main.m */; };
		BC5E9C041D194F44006FD494 /* AppDelegate.m in Sources */ = {isa = PBXBuildFile; fileRef = BC5E9C031D194F44006FD494 /* AppDelegate.m */; };
		BC5E9C071D194F44006FD494 /* ViewController.m in Sources */ = {isa = PBXBuildFile; fileRef = BC5E9C061D194F44006FD494 /* ViewController.m */; };
		BC5E9C0A1D194F44006FD494 /* Main.storyboard in Resources */ = {isa = PBXBuildFile; fileRef = BC5E9C081D194F44006FD494 /* Main.storyboard */; };
		BC5E9C0C1D194F44006FD494 /* Assets.xcassets in Resources */ = {isa = PBXBuildFile; fileRef = BC5E9C0B1D194F44006FD494 /* Assets.xcassets */; };
		BC5E9C0F1D194F44006FD494 /* LaunchScreen.storyboard in Resources */ = {isa = PBXBuildFile; fileRef = BC5E9C0D1D194F44006FD494 /* LaunchScreen.storyboard */; };
		BC5E9C1A1D194F44006FD494 /* thgrtTests.m in Sources */ = {isa = PBXBuildFile; fileRef = BC5E9C191D194F44006FD494 /* thgrtTests.m */; };
		BC5E9C251D194F44006FD494 /* thgrtUITests.m in Sources */ = {isa = PBXBuildFile; fileRef = BC5E9C241D194F44006FD494 /* thgrtUITests.m */; };
		BC5E9C381D19526A006FD494 /* NSDate+SYExtension.m in Sources */ = {isa = PBXBuildFile; fileRef = BC5E9C371D19526A006FD494 /* NSDate+SYExtension.m */; };
/* End PBXBuildFile section */

/* Begin PBXContainerItemProxy section */
		BC5E9C161D194F44006FD494 /* PBXContainerItemProxy */ = {
			isa = PBXContainerItemProxy;
			containerPortal = BC5E9BF41D194F43006FD494 /* Project object */;
			proxyType = 1;
			remoteGlobalIDString = BC5E9BFB1D194F43006FD494;
			remoteInfo = thgrt;
		};
		BC5E9C211D194F44006FD494 /* PBXContainerItemProxy */ = {
			isa = PBXContainerItemProxy;
			containerPortal = BC5E9BF41D194F43006FD494 /* Project object */;
			proxyType = 1;
			remoteGlobalIDString = BC5E9BFB1D194F43006FD494;
			remoteInfo = thgrt;
		};
/* End PBXContainerItemProxy section */

/* Begin PBXFileReference section */
		BC5E9BFC1D194F43006FD494 /* thgrt.app */ = {isa = PBXFileReference; explicitFileType = wrapper.application; includeInIndex = 0; path = thgrt.app; sourceTree = BUILT_PRODUCTS_DIR; };
		BC5E9C001D194F44006FD494 /* main.m */ = {isa = PBXFileReference; lastKnownFileType = sourcecode.c.objc; path = main.m; sourceTree = "<group>"; };
		BC5E9C021D194F44006FD494 /* AppDelegate.h */ = {isa = PBXFileReference; lastKnownFileType = sourcecode.c.h; path = AppDelegate.h; sourceTree = "<group>"; };
		BC5E9C031D194F44006FD494 /* AppDelegate.m */ = {isa = PBXFileReference; lastKnownFileType = sourcecode.c.objc; path = AppDelegate.m; sourceTree = "<group>"; };
		BC5E9C051D194F44006FD494 /* ViewController.h */ = {isa = PBXFileReference; lastKnownFileType = sourcecode.c.h; path = ViewController.h; sourceTree = "<group>"; };
		BC5E9C061D194F44006FD494 /* ViewController.m */ = {isa = PBXFileReference; lastKnownFileType = sourcecode.c.objc; path = ViewController.m; sourceTree = "<group>"; };
		BC5E9C091D194F44006FD494 /* Base */ = {isa = PBXFileReference; lastKnownFileType = file.storyboard; name = Base; path = Base.lproj/Main.storyboard; sourceTree = "<group>"; };
		BC5E9C0B1D194F44006FD494 /* Assets.xcassets */ = {isa = PBXFileReference; lastKnownFileType = folder.assetcatalog; path = Assets.xcassets; sourceTree = "<group>"; };
		BC5E9C0E1D194F44006FD494 /* Base */ = {isa = PBXFileReference; lastKnownFileType = file.storyboard; name = Base; path = Base.lproj/LaunchScreen.storyboard; sourceTree = "<group>"; };
		BC5E9C101D194F44006FD494 /* Info.plist */ = {isa = PBXFileReference; lastKnownFileType = text.plist.xml; path = Info.plist; sourceTree = "<group>"; };
		BC5E9C151D194F44006FD494 /* thgrtTests.xctest */ = {isa = PBXFileReference; explicitFileType = wrapper.cfbundle; includeInIndex = 0; path = thgrtTests.xctest; sourceTree = BUILT_PRODUCTS_DIR; };
		BC5E9C191D194F44006FD494 /* thgrtTests.m */ = {isa = PBXFileReference; lastKnownFileType = sourcecode.c.objc; path = thgrtTests.m; sourceTree = "<group>"; };
		BC5E9C1B1D194F44006FD494 /* Info.plist */ = {isa = PBXFileReference; lastKnownFileType = text.plist.xml; path = Info.plist; sourceTree = "<group>"; };
		BC5E9C201D194F44006FD494 /* thgrtUITests.xctest */ = {isa = PBXFileReference; explicitFileType = wrapper.cfbundle; includeInIndex = 0; path = thgrtUITests.xctest; sourceTree = BUILT_PRODUCTS_DIR; };
		BC5E9C241D194F44006FD494 /* thgrtUITests.m */ = {isa = PBXFileReference; lastKnownFileType = sourcecode.c.objc; path = thgrtUITests.m; sourceTree = "<group>"; };
		BC5E9C261D194F44006FD494 /* Info.plist */ = {isa = PBXFileReference; lastKnownFileType = text.plist.xml; path = Info.plist; sourceTree = "<group>"; };
		BC5E9C361D19526A006FD494 /* NSDate+SYExtension.h */ = {isa = PBXFileReference; fileEncoding = 4; lastKnownFileType = sourcecode.c.h; path = "NSDate+SYExtension.h"; sourceTree = "<group>"; };
		BC5E9C371D19526A006FD494 /* NSDate+SYExtension.m */ = {isa = PBXFileReference; fileEncoding = 4; lastKnownFileType = sourcecode.c.objc; path = "NSDate+SYExtension.m"; sourceTree = "<group>"; };
/* End PBXFileReference section */

/* Begin PBXFrameworksBuildPhase section */
		BC5E9BF91D194F43006FD494 /* Frameworks */ = {
			isa = PBXFrameworksBuildPhase;
			buildActionMask = 2147483647;
			files = (
			);
			runOnlyForDeploymentPostprocessing = 0;
		};
		BC5E9C121D194F44006FD494 /* Frameworks */ = {
			isa = PBXFrameworksBuildPhase;
			buildActionMask = 2147483647;
			files = (
			);
			runOnlyForDeploymentPostprocessing = 0;
		};
		BC5E9C1D1D194F44006FD494 /* Frameworks */ = {
			isa = PBXFrameworksBuildPhase;
			buildActionMask = 2147483647;
			files = (
			);
			runOnlyForDeploymentPostprocessing = 0;
		};
/* End PBXFrameworksBuildPhase section */

/* Begin PBXGroup section */
		BC5E9BF31D194F43006FD494 = {
			isa = PBXGroup;
			children = (
				BC5E9BFE1D194F44006FD494 /* thgrt */,
				BC5E9C181D194F44006FD494 /* thgrtTests */,
				BC5E9C231D194F44006FD494 /* thgrtUITests */,
				BC5E9BFD1D194F43006FD494 /* Products */,
			);
			sourceTree = "<group>";
		};
		BC5E9BFD1D194F43006FD494 /* Products */ = {
			isa = PBXGroup;
			children = (
				BC5E9BFC1D194F43006FD494 /* thgrt.app */,
				BC5E9C151D194F44006FD494 /* thgrtTests.xctest */,
				BC5E9C201D194F44006FD494 /* thgrtUITests.xctest */,
			);
			name = Products;
			sourceTree = "<group>";
		};
		BC5E9BFE1D194F44006FD494 /* thgrt */ = {
			isa = PBXGroup;
			children = (
				BC5E9C351D19526A006FD494 /* NSDate+SYExtension */,
				BC5E9C021D194F44006FD494 /* AppDelegate.h */,
				BC5E9C031D194F44006FD494 /* AppDelegate.m */,
				BC5E9C051D194F44006FD494 /* ViewController.h */,
				BC5E9C061D194F44006FD494 /* ViewController.m */,
				BC5E9C081D194F44006FD494 /* Main.storyboard */,
				BC5E9C0B1D194F44006FD494 /* Assets.xcassets */,
				BC5E9C0D1D194F44006FD494 /* LaunchScreen.storyboard */,
				BC5E9C101D194F44006FD494 /* Info.plist */,
				BC5E9BFF1D194F44006FD494 /* Supporting Files */,
			);
			path = thgrt;
			sourceTree = "<group>";
		};
		BC5E9BFF1D194F44006FD494 /* Supporting Files */ = {
			isa = PBXGroup;
			children = (
				BC5E9C001D194F44006FD494 /* main.m */,
			);
			name = "Supporting Files";
			sourceTree = "<group>";
		};
		BC5E9C181D194F44006FD494 /* thgrtTests */ = {
			isa = PBXGroup;
			children = (
				BC5E9C191D194F44006FD494 /* thgrtTests.m */,
				BC5E9C1B1D194F44006FD494 /* Info.plist */,
			);
			path = thgrtTests;
			sourceTree = "<group>";
		};
		BC5E9C231D194F44006FD494 /* thgrtUITests */ = {
			isa = PBXGroup;
			children = (
				BC5E9C241D194F44006FD494 /* thgrtUITests.m */,
				BC5E9C261D194F44006FD494 /* Info.plist */,
			);
			path = thgrtUITests;
			sourceTree = "<group>";
		};
		BC5E9C351D19526A006FD494 /* NSDate+SYExtension */ = {
			isa = PBXGroup;
			children = (
				BC5E9C361D19526A006FD494 /* NSDate+SYExtension.h */,
				BC5E9C371D19526A006FD494 /* NSDate+SYExtension.m */,
			);
			path = "NSDate+SYExtension";
			sourceTree = "<group>";
		};
/* End PBXGroup section */

/* Begin PBXNativeTarget section */
		BC5E9BFB1D194F43006FD494 /* thgrt */ = {
			isa = PBXNativeTarget;
			buildConfigurationList = BC5E9C291D194F44006FD494 /* Build configuration list for PBXNativeTarget "thgrt" */;
			buildPhases = (
				BC5E9BF81D194F43006FD494 /* Sources */,
				BC5E9BF91D194F43006FD494 /* Frameworks */,
				BC5E9BFA1D194F43006FD494 /* Resources */,
			);
			buildRules = (
			);
			dependencies = (
			);
			name = thgrt;
			productName = thgrt;
			productReference = BC5E9BFC1D194F43006FD494 /* thgrt.app */;
			productType = "com.apple.product-type.application";
		};
		BC5E9C141D194F44006FD494 /* thgrtTests */ = {
			isa = PBXNativeTarget;
			buildConfigurationList = BC5E9C2C1D194F44006FD494 /* Build configuration list for PBXNativeTarget "thgrtTests" */;
			buildPhases = (
				BC5E9C111D194F44006FD494 /* Sources */,
				BC5E9C121D194F44006FD494 /* Frameworks */,
				BC5E9C131D194F44006FD494 /* Resources */,
			);
			buildRules = (
			);
			dependencies = (
				BC5E9C171D194F44006FD494 /* PBXTargetDependency */,
			);
			name = thgrtTests;
			productName = thgrtTests;
			productReference = BC5E9C151D194F44006FD494 /* thgrtTests.xctest */;
			productType = "com.apple.product-type.bundle.unit-test";
		};
		BC5E9C1F1D194F44006FD494 /* thgrtUITests */ = {
			isa = PBXNativeTarget;
			buildConfigurationList = BC5E9C2F1D194F44006FD494 /* Build configuration list for PBXNativeTarget "thgrtUITests" */;
			buildPhases = (
				BC5E9C1C1D194F44006FD494 /* Sources */,
				BC5E9C1D1D194F44006FD494 /* Frameworks */,
				BC5E9C1E1D194F44006FD494 /* Resources */,
			);
			buildRules = (
			);
			dependencies = (
				BC5E9C221D194F44006FD494 /* PBXTargetDependency */,
			);
			name = thgrtUITests;
			productName = thgrtUITests;
			productReference = BC5E9C201D194F44006FD494 /* thgrtUITests.xctest */;
			productType = "com.apple.product-type.bundle.ui-testing";
		};
/* End PBXNativeTarget section */

/* Begin PBXProject section */
		BC5E9BF41D194F43006FD494 /* Project object */ = {
			isa = PBXProject;
			attributes = {
				LastUpgradeCheck = 0720;
				ORGANIZATIONNAME = abc;
				TargetAttributes = {
					BC5E9BFB1D194F43006FD494 = {
						CreatedOnToolsVersion = 7.2;
						DevelopmentTeam = UZV288DNAJ;
					};
					BC5E9C141D194F44006FD494 = {
						CreatedOnToolsVersion = 7.2;
						DevelopmentTeam = UZV288DNAJ;
						TestTargetID = BC5E9BFB1D194F43006FD494;
					};
					BC5E9C1F1D194F44006FD494 = {
						CreatedOnToolsVersion = 7.2;
						DevelopmentTeam = UZV288DNAJ;
						TestTargetID = BC5E9BFB1D194F43006FD494;
					};
				};
			};
			buildConfigurationList = BC5E9BF71D194F43006FD494 /* Build configuration list for PBXProject "thgrt" */;
			compatibilityVersion = "Xcode 3.2";
			developmentRegion = English;
			hasScannedForEncodings = 0;
			knownRegions = (
				en,
				Base,
			);
			mainGroup = BC5E9BF31D194F43006FD494;
			productRefGroup = BC5E9BFD1D194F43006FD494 /* Products */;
			projectDirPath = "";
			projectRoot = "";
			targets = (
				BC5E9BFB1D194F43006FD494 /* thgrt */,
				BC5E9C141D194F44006FD494 /* thgrtTests */,
				BC5E9C1F1D194F44006FD494 /* thgrtUITests */,
			);
		};
/* End PBXProject section */

/* Begin PBXResourcesBuildPhase section */
		BC5E9BFA1D194F43006FD494 /* Resources */ = {
			isa = PBXResourcesBuildPhase;
			buildActionMask = 2147483647;
			files = (
				BC5E9C0F1D194F44006FD494 /* LaunchScreen.storyboard in Resources */,
				BC5E9C0C1D194F44006FD494 /* Assets.xcassets in Resources */,
				BC5E9C0A1D194F44006FD494 /* Main.storyboard in Resources */,
			);
			runOnlyForDeploymentPostprocessing = 0;
		};
		BC5E9C131D194F44006FD494 /* Resources */ = {
			isa = PBXResourcesBuildPhase;
			buildActionMask = 2147483647;
			files = (
			);
			runOnlyForDeploymentPostprocessing = 0;
		};
		BC5E9C1E1D194F44006FD494 /* Resources */ = {
			isa = PBXResourcesBuildPhase;
			buildActionMask = 2147483647;
			files = (
			);
			runOnlyForDeploymentPostprocessing = 0;
		};
/* End PBXResourcesBuildPhase section */

/* Begin PBXSourcesBuildPhase section */
		BC5E9BF81D194F43006FD494 /* Sources */ = {
			isa = PBXSourcesBuildPhase;
			buildActionMask = 2147483647;
			files = (
				BC5E9C071D194F44006FD494 /* ViewController.m in Sources */,
				BC5E9C041D194F44006FD494 /* AppDelegate.m in Sources */,
				BC5E9C381D19526A006FD494 /* NSDate+SYExtension.m in Sources */,
				BC5E9C011D194F44006FD494 /* main.m in Sources */,
			);
			runOnlyForDeploymentPostprocessing = 0;
		};
		BC5E9C111D194F44006FD494 /* Sources */ = {
			isa = PBXSourcesBuildPhase;
			buildActionMask = 2147483647;
			files = (
				BC5E9C1A1D194F44006FD494 /* thgrtTests.m in Sources */,
			);
			runOnlyForDeploymentPostprocessing = 0;
		};
		BC5E9C1C1D194F44006FD494 /* Sources */ = {
			isa = PBXSourcesBuildPhase;
			buildActionMask = 2147483647;
			files = (
				BC5E9C251D194F44006FD494 /* thgrtUITests.m in Sources */,
			);
			runOnlyForDeploymentPostprocessing = 0;
		};
/* End PBXSourcesBuildPhase section */

/* Begin PBXTargetDependency section */
		BC5E9C171D194F44006FD494 /* PBXTargetDependency */ = {
			isa = PBXTargetDependency;
			target = BC5E9BFB1D194F43006FD494 /* thgrt */;
			targetProxy = BC5E9C161D194F44006FD494 /* PBXContainerItemProxy */;
		};
		BC5E9C221D194F44006FD494 /* PBXTargetDependency */ = {
			isa = PBXTargetDependency;
			target = BC5E9BFB1D194F43006FD494 /* thgrt */;
			targetProxy = BC5E9C211D194F44006FD494 /* PBXContainerItemProxy */;
		};
/* End PBXTargetDependency section */

/* Begin PBXVariantGroup section */
		BC5E9C081D194F44006FD494 /* Main.storyboard */ = {
			isa = PBXVariantGroup;
			children = (
				BC5E9C091D194F44006FD494 /* Base */,
			);
			name = Main.storyboard;
			sourceTree = "<group>";
		};
		BC5E9C0D1D194F44006FD494 /* LaunchScreen.storyboard */ = {
			isa = PBXVariantGroup;
			children = (
				BC5E9C0E1D194F44006FD494 /* Base */,
			);
			name = LaunchScreen.storyboard;
			sourceTree = "<group>";
		};
/* End PBXVariantGroup section */

/* Begin XCBuildConfiguration section */
		BC5E9C271D194F44006FD494 /* Debug */ = {
			isa = XCBuildConfiguration;
			buildSettings = {
				ALWAYS_SEARCH_USER_PATHS = NO;
				CLANG_CXX_LANGUAGE_STANDARD = "gnu++0x";
				CLANG_CXX_LIBRARY = "libc++";
				CLANG_ENABLE_MODULES = YES;
				CLANG_ENABLE_OBJC_ARC = YES;
				CLANG_WARN_BOOL_CONVERSION = YES;
				CLANG_WARN_CONSTANT_CONVERSION = YES;
				CLANG_WARN_DIRECT_OBJC_ISA_USAGE = YES_ERROR;
				CLANG_WARN_EMPTY_BODY = YES;
				CLANG_WARN_ENUM_CONVERSION = YES;
				CLANG_WARN_INT_CONVERSION = YES;
				CLANG_WARN_OBJC_ROOT_CLASS = YES_ERROR;
				CLANG_WARN_UNREACHABLE_CODE = YES;
				CLANG_WARN__DUPLICATE_METHOD_MATCH = YES;
				"CODE_SIGN_IDENTITY[sdk=iphoneos*]" = "iPhone Developer";
				COPY_PHASE_STRIP = NO;
				DEBUG_INFORMATION_FORMAT = dwarf;
				ENABLE_STRICT_OBJC_MSGSEND = YES;
				ENABLE_TESTABILITY = YES;
				GCC_C_LANGUAGE_STANDARD = gnu99;
				GCC_DYNAMIC_NO_PIC = NO;
				GCC_NO_COMMON_BLOCKS = YES;
				GCC_OPTIMIZATION_LEVEL = 0;
				GCC_PREPROCESSOR_DEFINITIONS = (
					"DEBUG=1",
					"$(inherited)",
				);
				GCC_WARN_64_TO_32_BIT_CONVERSION = YES;
				GCC_WARN_ABOUT_RETURN_TYPE = YES_ERROR;
				GCC_WARN_UNDECLARED_SELECTOR = YES;
				GCC_WARN_UNINITIALIZED_AUTOS = YES_AGGRESSIVE;
				GCC_WARN_UNUSED_FUNCTION = YES;
				GCC_WARN_UNUSED_VARIABLE = YES;
				IPHONEOS_DEPLOYMENT_TARGET = 9.2;
				MTL_ENABLE_DEBUG_INFO = YES;
				ONLY_ACTIVE_ARCH = YES;
				SDKROOT = iphoneos;
			};
			name = Debug;
		};
		BC5E9C281D194F44006FD494 /* Release */ = {
			isa = XCBuildConfiguration;
			buildSettings = {
				ALWAYS_SEARCH_USER_PATHS = NO;
				CLANG_CXX_LANGUAGE_STANDARD = "gnu++0x";
				CLANG_CXX_LIBRARY = "libc++";
				CLANG_ENABLE_MODULES = YES;
				CLANG_ENABLE_OBJC_ARC = YES;
				CLANG_WARN_BOOL_CONVERSION = YES;
				CLANG_WARN_CONSTANT_CONVERSION = YES;
				CLANG_WARN_DIRECT_OBJC_ISA_USAGE = YES_ERROR;
				CLANG_WARN_EMPTY_BODY = YES;
				CLANG_WARN_ENUM_CONVERSION = YES;
				CLANG_WARN_INT_CONVERSION = YES;
				CLANG_WARN_OBJC_ROOT_CLASS = YES_ERROR;
				CLANG_WARN_UNREACHABLE_CODE = YES;
				CLANG_WARN__DUPLICATE_METHOD_MATCH = YES;
				"CODE_SIGN_IDENTITY[sdk=iphoneos*]" = "iPhone Developer";
				COPY_PHASE_STRIP = NO;
				DEBUG_INFORMATION_FORMAT = "dwarf-with-dsym";
				ENABLE_NS_ASSERTIONS = NO;
				ENABLE_STRICT_OBJC_MSGSEND = YES;
				GCC_C_LANGUAGE_STANDARD = gnu99;
				GCC_NO_COMMON_BLOCKS = YES;
				GCC_WARN_64_TO_32_BIT_CONVERSION = YES;
				GCC_WARN_ABOUT_RETURN_TYPE = YES_ERROR;
				GCC_WARN_UNDECLARED_SELECTOR = YES;
				GCC_WARN_UNINITIALIZED_AUTOS = YES_AGGRESSIVE;
				GCC_WARN_UNUSED_FUNCTION = YES;
				GCC_WARN_UNUSED_VARIABLE = YES;
				IPHONEOS_DEPLOYMENT_TARGET = 9.2;
				MTL_ENABLE_DEBUG_INFO = NO;
				SDKROOT = iphoneos;
				VALIDATE_PRODUCT = YES;
			};
			name = Release;
		};
		BC5E9C2A1D194F44006FD494 /* Debug */ = {
			isa = XCBuildConfiguration;
			buildSettings = {
				ASSETCATALOG_COMPILER_APPICON_NAME = AppIcon;
				INFOPLIST_FILE = thgrt/Info.plist;
				LD_RUNPATH_SEARCH_PATHS = "$(inherited) @executable_path/Frameworks";
				PRODUCT_BUNDLE_IDENTIFIER = com.abc.thgrt;
				PRODUCT_NAME = "$(TARGET_NAME)";
			};
			name = Debug;
		};
		BC5E9C2B1D194F44006FD494 /* Release */ = {
			isa = XCBuildConfiguration;
			buildSettings = {
				ASSETCATALOG_COMPILER_APPICON_NAME = AppIcon;
				INFOPLIST_FILE = thgrt/Info.plist;
				LD_RUNPATH_SEARCH_PATHS = "$(inherited) @executable_path/Frameworks";
				PRODUCT_BUNDLE_IDENTIFIER = com.abc.thgrt;
				PRODUCT_NAME = "$(TARGET_NAME)";
			};
			name = Release;
		};
		BC5E9C2D1D194F44006FD494 /* Debug */ = {
			isa = XCBuildConfiguration;
			buildSettings = {
				BUNDLE_LOADER = "$(TEST_HOST)";
				INFOPLIST_FILE = thgrtTests/Info.plist;
				LD_RUNPATH_SEARCH_PATHS = "$(inherited) @executable_path/Frameworks @loader_path/Frameworks";
				PRODUCT_BUNDLE_IDENTIFIER = com.abc.thgrtTests;
				PRODUCT_NAME = "$(TARGET_NAME)";
				TEST_HOST = "$(BUILT_PRODUCTS_DIR)/thgrt.app/thgrt";
			};
			name = Debug;
		};
		BC5E9C2E1D194F44006FD494 /* Release */ = {
			isa = XCBuildConfiguration;
			buildSettings = {
				BUNDLE_LOADER = "$(TEST_HOST)";
				INFOPLIST_FILE = thgrtTests/Info.plist;
				LD_RUNPATH_SEARCH_PATHS = "$(inherited) @executable_path/Frameworks @loader_path/Frameworks";
				PRODUCT_BUNDLE_IDENTIFIER = com.abc.thgrtTests;
				PRODUCT_NAME = "$(TARGET_NAME)";
				TEST_HOST = "$(BUILT_PRODUCTS_DIR)/thgrt.app/thgrt";
			};
			name = Release;
		};
		BC5E9C301D194F44006FD494 /* Debug */ = {
			isa = XCBuildConfiguration;
			buildSettings = {
				INFOPLIST_FILE = thgrtUITests/Info.plist;
				LD_RUNPATH_SEARCH_PATHS = "$(inherited) @executable_path/Frameworks @loader_path/Frameworks";
				PRODUCT_BUNDLE_IDENTIFIER = com.abc.thgrtUITests;
				PRODUCT_NAME = "$(TARGET_NAME)";
				TEST_TARGET_NAME = thgrt;
				USES_XCTRUNNER = YES;
			};
			name = Debug;
		};
		BC5E9C311D194F44006FD494 /* Release */ = {
			isa = XCBuildConfiguration;
			buildSettings = {
				INFOPLIST_FILE = thgrtUITests/Info.plist;
				LD_RUNPATH_SEARCH_PATHS = "$(inherited) @executable_path/Frameworks @loader_path/Frameworks";
				PRODUCT_BUNDLE_IDENTIFIER = com.abc.thgrtUITests;
				PRODUCT_NAME = "$(TARGET_NAME)";
				TEST_TARGET_NAME = thgrt;
				USES_XCTRUNNER = YES;
			};
			name = Release;
		};
/* End XCBuildConfiguration section */

/* Begin XCConfigurationList section */
		BC5E9BF71D194F43006FD494 /* Build configuration list for PBXProject "thgrt" */ = {
			isa = XCConfigurationList;
			buildConfigurations = (
				BC5E9C271D194F44006FD494 /* Debug */,
				BC5E9C281D194F44006FD494 /* Release */,
			);
			defaultConfigurationIsVisible = 0;
			defaultConfigurationName = Release;
		};
		BC5E9C291D194F44006FD494 /* Build configuration list for PBXNativeTarget "thgrt" */ = {
			isa = XCConfigurationList;
			buildConfigurations = (
				BC5E9C2A1D194F44006FD494 /* Debug */,
				BC5E9C2B1D194F44006FD494 /* Release */,
			);
			defaultConfigurationIsVisible = 0;
			defaultConfigurationName = Release;
		};
		BC5E9C2C1D194F44006FD494 /* Build configuration list for PBXNativeTarget "thgrtTests" */ = {
			isa = XCConfigurationList;
			buildConfigurations = (
				BC5E9C2D1D194F44006FD494 /* Debug */,
				BC5E9C2E1D194F44006FD494 /* Release */,
			);
			defaultConfigurationIsVisible = 0;
			defaultConfigurationName = Release;
		};
		BC5E9C2F1D194F44006FD494 /* Build configuration list for PBXNativeTarget "thgrtUITests" */ = {
			isa = XCConfigurationList;
			buildConfigurations = (
				BC5E9C301D194F44006FD494 /* Debug */,
				BC5E9C311D194F44006FD494 /* Release */,
			);
			defaultConfigurationIsVisible = 0;
			defaultConfigurationName = Release;
		};
/* End XCConfigurationList section */
	};
	rootObject = BC5E9BF41D194F43006FD494 /* Project object */;
}
